{
  "nodes": {
    "cachix": {
      "inputs": {
        "devenv": [
          "system-age",
          "devenv"
        ],
        "flake-compat": [
          "system-age",
          "devenv"
        ],
        "git-hooks": [
          "system-age",
          "devenv",
          "git-hooks"
        ],
        "nixpkgs": [
          "system-age",
          "devenv",
          "nixpkgs"
        ]
      },
      "locked": {
        "lastModified": 1748883665,
        "narHash": "sha256-R0W7uAg+BLoHjMRMQ8+oiSbTq8nkGz5RDpQ+ZfxxP3A=",
        "owner": "cachix",
        "repo": "cachix",
        "rev": "f707778d902af4d62d8dd92c269f8e70de09acbe",
        "type": "github"
      },
      "original": {
        "owner": "cachix",
        "ref": "latest",
        "repo": "cachix",
        "type": "github"
      }
    },
    "catppuccin": {
      "inputs": {
        "nixpkgs": "nixpkgs"
      },
      "locked": {
        "lastModified": 1757320803,
        "narHash": "sha256-7PUIQOMQSJLkNtV42SAYUDw0mRdbBNl6q8pLN8GViwM=",
        "owner": "catppuccin",
        "repo": "nix",
        "rev": "d75e3fe67f49728cb5035bc791f4b9065ff3a2c9",
        "type": "github"
      },
      "original": {
        "owner": "catppuccin",
        "repo": "nix",
        "type": "github"
      }
    },
    "devenv": {
      "inputs": {
        "cachix": "cachix",
        "flake-compat": "flake-compat_4",
        "git-hooks": "git-hooks",
        "nix": "nix",
        "nixpkgs": [
          "system-age",
          "nixpkgs"
        ]
      },
      "locked": {
        "lastModified": 1755355634,
        "narHash": "sha256-3UNeb5pBLHtTyYIkzF/3+2YlAKf6OuWQYUQO+qmInA4=",
        "owner": "cachix",
        "repo": "devenv",
        "rev": "85e78cbe26467a2c23c9d34869235740132d749f",
        "type": "github"
      },
      "original": {
        "owner": "cachix",
        "repo": "devenv",
        "type": "github"
      }
    },
    "flake-compat": {
      "flake": false,
      "locked": {
        "lastModified": 1751685974,
        "narHash": "sha256-NKw96t+BgHIYzHUjkTK95FqYRVKB8DHpVhefWSz/kTw=",
        "ref": "refs/heads/main",
        "rev": "549f2762aebeff29a2e5ece7a7dc0f955281a1d1",
        "revCount": 92,
        "type": "git",
        "url": "https://git.lix.systems/lix-project/flake-compat.git"
      },
      "original": {
        "type": "git",
        "url": "https://git.lix.systems/lix-project/flake-compat.git"
      }
    },
    "flake-compat_2": {
      "flake": false,
      "locked": {
        "lastModified": 1747046372,
        "narHash": "sha256-CIVLLkVgvHYbgI2UpXvIIBJ12HWgX+fjA8Xf8PUmqCY=",
        "owner": "edolstra",
        "repo": "flake-compat",
        "rev": "9100a0f413b0c601e0533d1d94ffd501ce2e7885",
        "type": "github"
      },
      "original": {
        "owner": "edolstra",
        "repo": "flake-compat",
        "type": "github"
      }
    },
    "flake-compat_3": {
      "flake": false,
      "locked": {
        "lastModified": 1650374568,
        "narHash": "sha256-Z+s0J8/r907g149rllvwhb4pKi8Wam5ij0st8PwAh+E=",
        "owner": "edolstra",
        "repo": "flake-compat",
        "rev": "b4a34015c698c7793d592d66adbab377907a2be8",
        "type": "github"
      },
      "original": {
        "owner": "edolstra",
        "repo": "flake-compat",
        "type": "github"
      }
    },
    "flake-compat_4": {
      "flake": false,
      "locked": {
        "lastModified": 1747046372,
        "narHash": "sha256-CIVLLkVgvHYbgI2UpXvIIBJ12HWgX+fjA8Xf8PUmqCY=",
        "owner": "edolstra",
        "repo": "flake-compat",
        "rev": "9100a0f413b0c601e0533d1d94ffd501ce2e7885",
        "type": "github"
      },
      "original": {
        "owner": "edolstra",
        "repo": "flake-compat",
        "type": "github"
      }
    },
    "flake-parts": {
      "inputs": {
        "nixpkgs-lib": "nixpkgs-lib"
      },
      "locked": {
        "lastModified": 1754487366,
        "narHash": "sha256-pHYj8gUBapuUzKV/kN/tR3Zvqc7o6gdFB9XKXIp1SQ8=",
        "owner": "hercules-ci",
        "repo": "flake-parts",
        "rev": "af66ad14b28a127c5c0f3bbb298218fc63528a18",
        "type": "github"
      },
      "original": {
        "owner": "hercules-ci",
        "repo": "flake-parts",
        "type": "github"
      }
    },
    "flake-parts_2": {
      "inputs": {
        "nixpkgs-lib": [
          "my-nvf",
          "nvf",
          "nixpkgs"
        ]
      },
      "locked": {
        "lastModified": 1754487366,
        "narHash": "sha256-pHYj8gUBapuUzKV/kN/tR3Zvqc7o6gdFB9XKXIp1SQ8=",
        "owner": "hercules-ci",
        "repo": "flake-parts",
        "rev": "af66ad14b28a127c5c0f3bbb298218fc63528a18",
        "type": "github"
      },
      "original": {
        "owner": "hercules-ci",
        "repo": "flake-parts",
        "type": "github"
      }
    },
    "flake-parts_3": {
      "inputs": {
        "nixpkgs-lib": [
          "system-age",
          "devenv",
          "nix",
          "nixpkgs"
        ]
      },
      "locked": {
        "lastModified": 1733312601,
        "narHash": "sha256-4pDvzqnegAfRkPwO3wmwBhVi/Sye1mzps0zHWYnP88c=",
        "owner": "hercules-ci",
        "repo": "flake-parts",
        "rev": "205b12d8b7cd4802fbcb8e8ef6a0f1408781a4f9",
        "type": "github"
      },
      "original": {
        "owner": "hercules-ci",
        "repo": "flake-parts",
        "type": "github"
      }
    },
    "flake-utils": {
      "inputs": {
        "systems": "systems_2"
      },
      "locked": {
        "lastModified": 1694529238,
        "narHash": "sha256-zsNZZGTGnMOf9YpHKJqMSsa0dXbfmxeoJ7xHlrt+xmY=",
        "owner": "numtide",
        "repo": "flake-utils",
        "rev": "ff7b65b44d01cf9ba6a71320833626af21126384",
        "type": "github"
      },
      "original": {
        "owner": "numtide",
        "repo": "flake-utils",
        "type": "github"
      }
    },
    "flake-utils-plus": {
      "inputs": {
        "flake-utils": "flake-utils"
      },
      "locked": {
        "lastModified": 1715533576,
        "narHash": "sha256-fT4ppWeCJ0uR300EH3i7kmgRZnAVxrH+XtK09jQWihk=",
        "owner": "gytis-ivaskevicius",
        "repo": "flake-utils-plus",
        "rev": "3542fe9126dc492e53ddd252bb0260fe035f2c0f",
        "type": "github"
      },
      "original": {
        "owner": "gytis-ivaskevicius",
        "repo": "flake-utils-plus",
        "rev": "3542fe9126dc492e53ddd252bb0260fe035f2c0f",
        "type": "github"
      }
    },
    "ghostty-shaders": {
      "flake": false,
      "locked": {
        "lastModified": 1751916907,
        "narHash": "sha256-dfk2Ti+T1jEC5M8ijaO1KnfzW6MP5yswovZgoptqO3A=",
        "owner": "KroneCorylus",
        "repo": "ghostty-shader-playground",
        "rev": "b539cea7b34cdc883726db018ae09e8e3f862aea",
        "type": "github"
      },
      "original": {
        "owner": "KroneCorylus",
        "repo": "ghostty-shader-playground",
        "type": "github"
      }
    },
    "git-hooks": {
      "inputs": {
        "flake-compat": [
          "system-age",
          "devenv",
          "flake-compat"
        ],
        "gitignore": "gitignore",
        "nixpkgs": [
          "system-age",
          "devenv",
          "nixpkgs"
        ]
      },
      "locked": {
        "lastModified": 1750779888,
        "narHash": "sha256-wibppH3g/E2lxU43ZQHC5yA/7kIKLGxVEnsnVK1BtRg=",
        "owner": "cachix",
        "repo": "git-hooks.nix",
        "rev": "16ec914f6fb6f599ce988427d9d94efddf25fe6d",
        "type": "github"
      },
      "original": {
        "owner": "cachix",
        "repo": "git-hooks.nix",
        "type": "github"
      }
    },
    "gitignore": {
      "inputs": {
        "nixpkgs": [
          "system-age",
          "devenv",
          "git-hooks",
          "nixpkgs"
        ]
      },
      "locked": {
        "lastModified": 1709087332,
        "narHash": "sha256-HG2cCnktfHsKV0s4XW83gU3F57gaTljL9KNSuG6bnQs=",
        "owner": "hercules-ci",
        "repo": "gitignore.nix",
        "rev": "637db329424fd7e46cf4185293b9cc8c88c95394",
        "type": "github"
      },
      "original": {
        "owner": "hercules-ci",
        "repo": "gitignore.nix",
        "type": "github"
      }
    },
    "home-manager": {
      "inputs": {
        "nixpkgs": [
          "nixpkgs"
        ]
      },
      "locked": {
        "lastModified": 1757809953,
        "narHash": "sha256-29mlXbfAJhz9cWVrPP4STvVPDVZFCfCOmaIN5lFJa+Y=",
        "owner": "nix-community",
        "repo": "home-manager",
        "rev": "17a10049486f6698fca32097d8f52c0c895542b0",
        "type": "github"
      },
      "original": {
        "owner": "nix-community",
        "ref": "master",
        "repo": "home-manager",
        "type": "github"
      }
    },
    "lumi-private": {
      "inputs": {
        "nixpkgs": [
          "nixpkgs"
        ],
        "snowfall-lib": [
          "snowfall-lib"
        ],
        "sops-nix": "sops-nix"
      },
      "locked": {
        "lastModified": 1756506410,
        "narHash": "sha256-eBw6kNtq2G74y4EJgRKa9918XYb6lJJEX5L4k+thpzE=",
        "ref": "refs/heads/master",
        "rev": "a6c2388549856bdd0252c3aeb0a0fa54e9b08ad9",
        "revCount": 141,
        "type": "git",
        "url": "ssh://git@github.com/JoonasKajava/nix-config-private"
      },
      "original": {
        "type": "git",
        "url": "ssh://git@github.com/JoonasKajava/nix-config-private"
      }
    },
    "mnw": {
      "locked": {
        "lastModified": 1748710831,
        "narHash": "sha256-eZu2yH3Y2eA9DD3naKWy/sTxYS5rPK2hO7vj8tvUCSU=",
        "owner": "Gerg-L",
        "repo": "mnw",
        "rev": "cff958a4e050f8d917a6ff3a5624bc4681c6187d",
        "type": "github"
      },
      "original": {
        "owner": "Gerg-L",
        "repo": "mnw",
        "type": "github"
      }
    },
    "my-nvf": {
      "inputs": {
        "flake-parts": "flake-parts",
        "nixpkgs": "nixpkgs_2",
        "nvf": "nvf"
      },
      "locked": {
        "lastModified": 1755770227,
        "narHash": "sha256-5RlQGv2HBWFAANGzCDOeVc5OnSizUUarAgNGaj13jzI=",
        "owner": "JoonasKajava",
        "repo": "nvf-config",
        "rev": "cd58060fa71a6b9baaa8d83890943ab1a62c850c",
        "type": "github"
      },
      "original": {
        "owner": "JoonasKajava",
        "repo": "nvf-config",
        "type": "github"
      }
    },
    "nix": {
      "inputs": {
        "flake-compat": [
          "system-age",
          "devenv",
          "flake-compat"
        ],
        "flake-parts": "flake-parts_3",
        "git-hooks-nix": [
          "system-age",
          "devenv",
          "git-hooks"
        ],
        "nixpkgs": [
          "system-age",
          "devenv",
          "nixpkgs"
        ],
        "nixpkgs-23-11": [
          "system-age",
          "devenv"
        ],
        "nixpkgs-regression": [
          "system-age",
          "devenv"
        ]
      },
      "locked": {
        "lastModified": 1755029779,
        "narHash": "sha256-3+GHIYGg4U9XKUN4rg473frIVNn8YD06bjwxKS1IPrU=",
        "owner": "cachix",
        "repo": "nix",
        "rev": "b0972b0eee6726081d10b1199f54de6d2917f861",
        "type": "github"
      },
      "original": {
        "owner": "cachix",
        "ref": "devenv-2.30",
        "repo": "nix",
        "type": "github"
      }
    },
    "nix-index-database": {
      "inputs": {
        "nixpkgs": [
          "nixpkgs"
        ]
      },
      "locked": {
        "lastModified": 1757822619,
        "narHash": "sha256-3HIpe3P2h1AUPYcAH9cjuX0tZOqJpX01c0iDwoUYNZ8=",
        "owner": "nix-community",
        "repo": "nix-index-database",
        "rev": "050a5feb5d1bb5b6e5fc04a7d3d816923a87c9ea",
        "type": "github"
      },
      "original": {
        "owner": "nix-community",
        "repo": "nix-index-database",
        "type": "github"
      }
    },
    "nixos-wsl": {
      "inputs": {
        "flake-compat": "flake-compat_2",
        "nixpkgs": [
          "nixpkgs"
        ]
      },
      "locked": {
        "lastModified": 1757671225,
        "narHash": "sha256-ZzoQXe7GV7QX3B3Iw59BogmrtHSP5Ig7MAPPD0cOFW4=",
        "owner": "nix-community",
        "repo": "nixos-wsl",
        "rev": "42666441c3ddf34a8583a77f07a2c7cae32513c3",
        "type": "github"
      },
      "original": {
        "owner": "nix-community",
        "repo": "nixos-wsl",
        "type": "github"
      }
    },
    "nixpkgs": {
      "locked": {
        "lastModified": 1756266583,
        "narHash": "sha256-cr748nSmpfvnhqSXPiCfUPxRz2FJnvf/RjJGvFfaCsM=",
        "owner": "NixOS",
        "repo": "nixpkgs",
        "rev": "8a6d5427d99ec71c64f0b93d45778c889005d9c2",
        "type": "github"
      },
      "original": {
        "owner": "NixOS",
        "ref": "nixos-unstable",
        "repo": "nixpkgs",
        "type": "github"
      }
    },
    "nixpkgs-lib": {
      "locked": {
        "lastModified": 1753579242,
        "narHash": "sha256-zvaMGVn14/Zz8hnp4VWT9xVnhc8vuL3TStRqwk22biA=",
        "owner": "nix-community",
        "repo": "nixpkgs.lib",
        "rev": "0f36c44e01a6129be94e3ade315a5883f0228a6e",
        "type": "github"
      },
      "original": {
        "owner": "nix-community",
        "repo": "nixpkgs.lib",
        "type": "github"
      }
    },
    "nixpkgs-stable": {
      "locked": {
        "lastModified": 1757545623,
        "narHash": "sha256-mCxPABZ6jRjUQx3bPP4vjA68ETbPLNz9V2pk9tO7pRQ=",
        "owner": "nixos",
        "repo": "nixpkgs",
        "rev": "8cd5ce828d5d1d16feff37340171a98fc3bf6526",
        "type": "github"
      },
      "original": {
        "owner": "nixos",
        "ref": "nixos-25.05",
        "repo": "nixpkgs",
        "type": "github"
      }
    },
    "nixpkgs_2": {
      "locked": {
        "lastModified": 1755706679,
        "narHash": "sha256-WJ6eaSiN6xtz3vyH2bTYLQ3+ct0W8ai/BkYaq1n1jP8=",
        "owner": "nixos",
        "repo": "nixpkgs",
        "rev": "c3fc1fe6d8765d99c8614c6f82d611dc56b9ae37",
        "type": "github"
      },
      "original": {
        "owner": "nixos",
        "ref": "nixpkgs-unstable",
        "repo": "nixpkgs",
        "type": "github"
      }
    },
    "nixpkgs_3": {
      "locked": {
        "lastModified": 1755049066,
        "narHash": "sha256-ANrc15FSoOAdNbfKHxqEJjZLftIwIsenJGRb/04K41s=",
        "owner": "nixos",
        "repo": "nixpkgs",
        "rev": "e45f8f193029378d0aaee5431ba098dc80054e9a",
        "type": "github"
      },
      "original": {
        "owner": "nixos",
        "ref": "nixpkgs-unstable",
        "repo": "nixpkgs",
        "type": "github"
      }
    },
    "nixpkgs_4": {
      "locked": {
        "lastModified": 1757745802,
        "narHash": "sha256-hLEO2TPj55KcUFUU1vgtHE9UEIOjRcH/4QbmfHNF820=",
        "owner": "nixos",
        "repo": "nixpkgs",
        "rev": "c23193b943c6c689d70ee98ce3128239ed9e32d1",
        "type": "github"
      },
      "original": {
        "owner": "nixos",
        "ref": "nixos-unstable",
        "repo": "nixpkgs",
        "type": "github"
      }
    },
    "nvf": {
      "inputs": {
        "flake-compat": "flake-compat",
        "flake-parts": "flake-parts_2",
        "mnw": "mnw",
        "nixpkgs": "nixpkgs_3",
        "systems": "systems"
      },
      "locked": {
        "lastModified": 1755463179,
        "narHash": "sha256-5Ggb1Mhf7ZlRgGi2puCa2PvWs6KbMnWBlW6KW7Vf79Y=",
        "owner": "notashelf",
        "repo": "nvf",
        "rev": "03833118267ad32226b014b360692bdce9d6e082",
        "type": "github"
      },
      "original": {
        "owner": "notashelf",
        "repo": "nvf",
        "type": "github"
      }
    },
    "plasma-manager": {
      "inputs": {
        "home-manager": [
          "home-manager"
        ],
        "nixpkgs": [
          "nixpkgs"
        ]
      },
      "locked": {
        "lastModified": 1756632588,
        "narHash": "sha256-ydam6eggXf3ZwRutyCABwSbMAlX+5lW6w1SVZQ+kfSo=",
        "owner": "nix-community",
        "repo": "plasma-manager",
        "rev": "d47428e5390d6a5a8f764808a4db15929347cd77",
        "type": "github"
      },
      "original": {
        "owner": "nix-community",
        "repo": "plasma-manager",
        "type": "github"
      }
    },
    "root": {
      "inputs": {
        "catppuccin": "catppuccin",
        "ghostty-shaders": "ghostty-shaders",
        "home-manager": "home-manager",
        "lumi-private": "lumi-private",
        "my-nvf": "my-nvf",
        "nix-index-database": "nix-index-database",
        "nixos-wsl": "nixos-wsl",
        "nixpkgs": "nixpkgs_4",
        "nixpkgs-stable": "nixpkgs-stable",
        "plasma-manager": "plasma-manager",
        "snowfall-lib": "snowfall-lib",
        "system-age": "system-age"
      }
    },
    "snowfall-lib": {
      "inputs": {
        "flake-compat": "flake-compat_3",
        "flake-utils-plus": "flake-utils-plus",
        "nixpkgs": [
          "nixpkgs"
        ]
      },
      "locked": {
        "lastModified": 1736130495,
        "narHash": "sha256-4i9nAJEZFv7vZMmrE0YG55I3Ggrtfo5/T07JEpEZ/RM=",
        "owner": "snowfallorg",
        "repo": "lib",
        "rev": "02d941739f98a09e81f3d2d9b3ab08918958beac",
        "type": "github"
      },
      "original": {
        "owner": "snowfallorg",
        "repo": "lib",
        "type": "github"
      }
    },
    "sops-nix": {
      "inputs": {
        "nixpkgs": [
          "lumi-private",
          "nixpkgs"
        ]
      },
      "locked": {
        "lastModified": 1742239755,
        "narHash": "sha256-ptn8dR4Uat3UUadGYNnB7CIH9SQm8mK69D2A/twBUXQ=",
        "owner": "Mic92",
        "repo": "sops-nix",
        "rev": "787afce414bcce803b605c510b60bf43c11f4b55",
        "type": "github"
      },
      "original": {
        "owner": "Mic92",
        "repo": "sops-nix",
        "type": "github"
      }
    },
    "system-age": {
      "inputs": {
        "devenv": "devenv",
        "nixpkgs": [
          "nixpkgs"
        ],
        "systems": "systems_3"
      },
      "locked": {
        "lastModified": 1755442330,
        "narHash": "sha256-Twrgjfs33BV9B3+hBnX2ib60uyYqG1//ACYSKgZ1F8s=",
        "ref": "refs/heads/master",
        "rev": "bf0412e56a6a9e6dbb21436ff9f884b23dc6fbb6",
        "revCount": 9,
        "type": "git",
        "url": "ssh://git@github.com/JoonasKajava/system-age"
      },
      "original": {
        "type": "git",
        "url": "ssh://git@github.com/JoonasKajava/system-age"
      }
    },
    "systems": {
      "locked": {
        "lastModified": 1681028828,
        "narHash": "sha256-Vy1rq5AaRuLzOxct8nz4T6wlgyUR7zLU309k9mBC768=",
        "owner": "nix-systems",
        "repo": "default",
        "rev": "da67096a3b9bf56a91d16901293e51ba5b49a27e",
        "type": "github"
      },
      "original": {
        "owner": "nix-systems",
        "repo": "default",
        "type": "github"
      }
    },
    "systems_2": {
      "locked": {
        "lastModified": 1681028828,
        "narHash": "sha256-Vy1rq5AaRuLzOxct8nz4T6wlgyUR7zLU309k9mBC768=",
        "owner": "nix-systems",
        "repo": "default",
        "rev": "da67096a3b9bf56a91d16901293e51ba5b49a27e",
        "type": "github"
      },
      "original": {
        "owner": "nix-systems",
        "repo": "default",
        "type": "github"
      }
    },
    "systems_3": {
      "locked": {
        "lastModified": 1681028828,
        "narHash": "sha256-Vy1rq5AaRuLzOxct8nz4T6wlgyUR7zLU309k9mBC768=",
        "owner": "nix-systems",
        "repo": "default",
        "rev": "da67096a3b9bf56a91d16901293e51ba5b49a27e",
        "type": "github"
      },
      "original": {
        "owner": "nix-systems",
        "repo": "default",
        "type": "github"
      }
    }
  },
  "root": "root",
  "version": 7
}
